
Microsoft Visual Studio Solution File, Format Version 12.00
# Visual Studio Version 16
VisualStudioVersion = 16.0.29411.108
MinimumVisualStudioVersion = 10.0.40219.1
Project("{9A19103F-16F7-4668-BE54-9A1E7A4F7556}") = "WebApplication420", "WebApplication420\WebApplication420.csproj", "{F72A1EEF-2C3A-4567-B2F9-BD2C2C8842B0}"
EndProject
Project("{FAE04EC0-301F-11D3-BF4B-00C04F79EFBC}") = "WebAppTest.tests", "WebAppTest\WebAppTest.tests.csproj", "{54D6AE0A-D749-44CB-B522-D05FDCFE6179}"
EndProject
Global
	GlobalSection(SolutionConfigurationPlatforms) = preSolution
		Debug|Any CPU = Debug|Any CPU
		Release|Any CPU = Release|Any CPU
	EndGlobalSection
	GlobalSection(ProjectConfigurationPlatforms) = postSolution
		{F72A1EEF-2C3A-4567-B2F9-BD2C2C8842B0}.Debug|Any CPU.ActiveCfg = Debug|Any CPU
		{F72A1EEF-2C3A-4567-B2F9-BD2C2C8842B0}.Debug|Any CPU.Build.0 = Debug|Any CPU
		{F72A1EEF-2C3A-4567-B2F9-BD2C2C8842B0}.Release|Any CPU.ActiveCfg = Release|Any CPU
		{F72A1EEF-2C3A-4567-B2F9-BD2C2C8842B0}.Release|Any CPU.Build.0 = Release|Any CPU
		{54D6AE0A-D749-44CB-B522-D05FDCFE6179}.Debug|Any CPU.ActiveCfg = Debug|Any CPU
		{54D6AE0A-D749-44CB-B522-D05FDCFE6179}.Debug|Any CPU.Build.0 = Debug|Any CPU
		{54D6AE0A-D749-44CB-B522-D05FDCFE6179}.Release|Any CPU.ActiveCfg = Release|Any CPU
		{54D6AE0A-D749-44CB-B522-D05FDCFE6179}.Release|Any CPU.Build.0 = Release|Any CPU
	EndGlobalSection
	GlobalSection(SolutionProperties) = preSolution
		HideSolutionNode = FALSE
	EndGlobalSection
	GlobalSection(ExtensibilityGlobals) = postSolution
		SolutionGuid = {E9BF9883-9AF5-44EE-8941-68A35718D65A}
	EndGlobalSection
EndGlobal
